// !$*UTF8*$!
{
	archiveVersion = 1;
	classes = {
	};
	objectVersion = 46;
	objects = {

/* Begin PBXBuildFile section */
		1852B1281A0863AA00BAF330 /* 10000.png in Resources */ = {isa = PBXBuildFile; fileRef = 1852B1131A0863AA00BAF330 /* 10000.png */; };
		1852B1291A0863AA00BAF330 /* 100000.png in Resources */ = {isa = PBXBuildFile; fileRef = 1852B1141A0863AA00BAF330 /* 100000.png */; };
		1852B12A1A0863AA00BAF330 /* 10K+.png in Resources */ = {isa = PBXBuildFile; fileRef = 1852B1151A0863AA00BAF330 /* 10K+.png */; };
		1852B12B1A0863AA00BAF330 /* 15000.png in Resources */ = {isa = PBXBuildFile; fileRef = 1852B1161A0863AA00BAF330 /* 15000.png */; };
		1852B12C1A0863AA00BAF330 /* 2000.png in Resources */ = {isa = PBXBuildFile; fileRef = 1852B1171A0863AA00BAF330 /* 2000.png */; };
		1852B12D1A0863AA00BAF330 /* 25000.png in Resources */ = {isa = PBXBuildFile; fileRef = 1852B1181A0863AA00BAF330 /* 25000.png */; };
		1852B12E1A0863AA00BAF330 /* 30000.png in Resources */ = {isa = PBXBuildFile; fileRef = 1852B1191A0863AA00BAF330 /* 30000.png */; };
		1852B12F1A0863AA00BAF330 /* 35000.png in Resources */ = {isa = PBXBuildFile; fileRef = 1852B11A1A0863AA00BAF330 /* 35000.png */; };
		1852B1301A0863AA00BAF330 /* 40000.png in Resources */ = {isa = PBXBuildFile; fileRef = 1852B11B1A0863AA00BAF330 /* 40000.png */; };
		1852B1311A0863AA00BAF330 /* 45000.png in Resources */ = {isa = PBXBuildFile; fileRef = 1852B11C1A0863AA00BAF330 /* 45000.png */; };
		1852B1321A0863AA00BAF330 /* 5000.png in Resources */ = {isa = PBXBuildFile; fileRef = 1852B11D1A0863AA00BAF330 /* 5000.png */; };
		1852B1331A0863AA00BAF330 /* 50000.png in Resources */ = {isa = PBXBuildFile; fileRef = 1852B11E1A0863AA00BAF330 /* 50000.png */; };
		1852B1341A0863AA00BAF330 /* 55000.png in Resources */ = {isa = PBXBuildFile; fileRef = 1852B11F1A0863AA00BAF330 /* 55000.png */; };
		1852B1351A0863AA00BAF330 /* 60000.png in Resources */ = {isa = PBXBuildFile; fileRef = 1852B1201A0863AA00BAF330 /* 60000.png */; };
		1852B1361A0863AA00BAF330 /* 65000.png in Resources */ = {isa = PBXBuildFile; fileRef = 1852B1211A0863AA00BAF330 /* 65000.png */; };
		1852B1371A0863AA00BAF330 /* 70000.png in Resources */ = {isa = PBXBuildFile; fileRef = 1852B1221A0863AA00BAF330 /* 70000.png */; };
		1852B1381A0863AA00BAF330 /* 75000.png in Resources */ = {isa = PBXBuildFile; fileRef = 1852B1231A0863AA00BAF330 /* 75000.png */; };
		1852B1391A0863AA00BAF330 /* 80000.png in Resources */ = {isa = PBXBuildFile; fileRef = 1852B1241A0863AA00BAF330 /* 80000.png */; };
		1852B13A1A0863AA00BAF330 /* 85000.png in Resources */ = {isa = PBXBuildFile; fileRef = 1852B1251A0863AA00BAF330 /* 85000.png */; };
		1852B13B1A0863AA00BAF330 /* 90000.png in Resources */ = {isa = PBXBuildFile; fileRef = 1852B1261A0863AA00BAF330 /* 90000.png */; };
		1852B13C1A0863AA00BAF330 /* 95000.png in Resources */ = {isa = PBXBuildFile; fileRef = 1852B1271A0863AA00BAF330 /* 95000.png */; };
		1852B13E1A08684200BAF330 /* logo.png in Resources */ = {isa = PBXBuildFile; fileRef = 1852B13D1A08684200BAF330 /* logo.png */; };
		1852B1431A08697B00BAF330 /* cailiao1.jpg in Resources */ = {isa = PBXBuildFile; fileRef = 1852B13F1A08697B00BAF330 /* cailiao1.jpg */; };
		1852B1441A08697B00BAF330 /* cailiao2.jpg in Resources */ = {isa = PBXBuildFile; fileRef = 1852B1401A08697B00BAF330 /* cailiao2.jpg */; };
		1852B1451A08697B00BAF330 /* cailiao3.jpg in Resources */ = {isa = PBXBuildFile; fileRef = 1852B1411A08697B00BAF330 /* cailiao3.jpg */; };
		1852B1461A08697B00BAF330 /* cailiao4.jpg in Resources */ = {isa = PBXBuildFile; fileRef = 1852B1421A08697B00BAF330 /* cailiao4.jpg */; };
		18B66A061A07418200053336 /* Foundation.framework in Frameworks */ = {isa = PBXBuildFile; fileRef = 18B66A051A07418200053336 /* Foundation.framework */; };
		18B66A081A07418200053336 /* CoreGraphics.framework in Frameworks */ = {isa = PBXBuildFile; fileRef = 18B66A071A07418200053336 /* CoreGraphics.framework */; };
		18B66A0A1A07418200053336 /* UIKit.framework in Frameworks */ = {isa = PBXBuildFile; fileRef = 18B66A091A07418200053336 /* UIKit.framework */; };
		18B66A0F1A07418200053336 /* main.m in Sources */ = {isa = PBXBuildFile; fileRef = 18B66A0E1A07418200053336 /* main.m */; };
		18B66A111A07418200053336 /* Hg_Vrm_Japan-Info.plist in Resources */ = {isa = PBXBuildFile; fileRef = 18B66A101A07418200053336 /* Hg_Vrm_Japan-Info.plist */; };
		18B66A131A07418200053336 /* Hg_Vrm_Japan-Prefix.pch in Resources */ = {isa = PBXBuildFile; fileRef = 18B66A121A07418200053336 /* Hg_Vrm_Japan-Prefix.pch */; };
		18B66A1B1A07418200053336 /* Images.xcassets in Resources */ = {isa = PBXBuildFile; fileRef = 18B66A1A1A07418200053336 /* Images.xcassets */; };
		18B66A221A07418200053336 /* XCTest.framework in Frameworks */ = {isa = PBXBuildFile; fileRef = 18B66A211A07418200053336 /* XCTest.framework */; };
		18B66A271A07418200053336 /* Hg_Vrm_JapanTests-Info.plist in Resources */ = {isa = PBXBuildFile; fileRef = 18B66A261A07418200053336 /* Hg_Vrm_JapanTests-Info.plist */; };
		18B66A291A07418200053336 /* Hg_Vrm_JapanTests.m in Sources */ = {isa = PBXBuildFile; fileRef = 18B66A281A07418200053336 /* Hg_Vrm_JapanTests.m */; };
		18B66A371A074BF300053336 /* HGAppDelegate.m in Sources */ = {isa = PBXBuildFile; fileRef = 18B66A361A074BF300053336 /* HGAppDelegate.m */; };
		18B66A551A074D5200053336 /* HomeViewController.m in Sources */ = {isa = PBXBuildFile; fileRef = 18B66A381A074D5200053336 /* HomeViewController.m */; };
		18B66A561A074D5200053336 /* NSArray+Addition.m in Sources */ = {isa = PBXBuildFile; fileRef = 18B66A3D1A074D5200053336 /* NSArray+Addition.m */; };
		18B66A571A074D5200053336 /* UIColor+CustomColors.m in Sources */ = {isa = PBXBuildFile; fileRef = 18B66A3F1A074D5200053336 /* UIColor+CustomColors.m */; };
		18B66A581A074D5200053336 /* UIImage+Additions.m in Sources */ = {isa = PBXBuildFile; fileRef = 18B66A411A074D5200053336 /* UIImage+Additions.m */; };
		18B66A591A074D5200053336 /* UIView+Additions.m in Sources */ = {isa = PBXBuildFile; fileRef = 18B66A431A074D5200053336 /* UIView+Additions.m */; };
		18B66A5A1A074D5200053336 /* UIView+Extensions.m in Sources */ = {isa = PBXBuildFile; fileRef = 18B66A451A074D5200053336 /* UIView+Extensions.m */; };
		18B66A5B1A074D5200053336 /* StyledPageControl.m in Sources */ = {isa = PBXBuildFile; fileRef = 18B66A481A074D5200053336 /* StyledPageControl.m */; };
		18B66A5C1A074D5200053336 /* LoginViewController.m in Sources */ = {isa = PBXBuildFile; fileRef = 18B66A4A1A074D5200053336 /* LoginViewController.m */; };
		18B66A5D1A074D5200053336 /* selected.png in Resources */ = {isa = PBXBuildFile; fileRef = 18B66A4D1A074D5200053336 /* selected.png */; };
		18B66A5E1A074D5200053336 /* thirdPage.png in Resources */ = {isa = PBXBuildFile; fileRef = 18B66A4E1A074D5200053336 /* thirdPage.png */; };
		18B66A5F1A074D5200053336 /* unSelected.png in Resources */ = {isa = PBXBuildFile; fileRef = 18B66A4F1A074D5200053336 /* unSelected.png */; };
		18B66A601A074D5200053336 /* checked.png in Resources */ = {isa = PBXBuildFile; fileRef = 18B66A511A074D5200053336 /* checked.png */; };
		18B66A611A074D5200053336 /* checkLogin.png in Resources */ = {isa = PBXBuildFile; fileRef = 18B66A521A074D5200053336 /* checkLogin.png */; };
		18B66A621A074D5200053336 /* loginBgImg.png in Resources */ = {isa = PBXBuildFile; fileRef = 18B66A531A074D5200053336 /* loginBgImg.png */; };
		18B66A631A074D5200053336 /* loginBtn.png in Resources */ = {isa = PBXBuildFile; fileRef = 18B66A541A074D5200053336 /* loginBtn.png */; };
		18B66A661A07571400053336 /* HGDataStore.m in Sources */ = {isa = PBXBuildFile; fileRef = 18B66A651A07571400053336 /* HGDataStore.m */; };
		18B66A6A1A075F8000053336 /* HomeViewController.xib in Resources */ = {isa = PBXBuildFile; fileRef = 18B66A671A075F8000053336 /* HomeViewController.xib */; };
		18B66A701A07608A00053336 /* LoginViewController.xib in Resources */ = {isa = PBXBuildFile; fileRef = 18B66A6D1A07608A00053336 /* LoginViewController.xib */; };
		18B66A771A0761CB00053336 /* HGChooseBrandViewController.m in Sources */ = {isa = PBXBuildFile; fileRef = 18B66A751A0761CB00053336 /* HGChooseBrandViewController.m */; };
		18B66A781A0761CB00053336 /* HGChooseBrandViewController.xib in Resources */ = {isa = PBXBuildFile; fileRef = 18B66A761A0761CB00053336 /* HGChooseBrandViewController.xib */; };
		18B66A7C1A0761E700053336 /* HGChooseTypeViewController.m in Sources */ = {isa = PBXBuildFile; fileRef = 18B66A7A1A0761E700053336 /* HGChooseTypeViewController.m */; };
		18B66A7D1A0761E700053336 /* HGChooseTypeViewController.xib in Resources */ = {isa = PBXBuildFile; fileRef = 18B66A7B1A0761E700053336 /* HGChooseTypeViewController.xib */; };
		18B66A811A07623500053336 /* HGChooseKilometreViewController.m in Sources */ = {isa = PBXBuildFile; fileRef = 18B66A7F1A07623500053336 /* HGChooseKilometreViewController.m */; };
		18B66A821A07623500053336 /* HGChooseKilometreViewController.xib in Resources */ = {isa = PBXBuildFile; fileRef = 18B66A801A07623500053336 /* HGChooseKilometreViewController.xib */; };
		18B66A841A07645C00053336 /* brandBgImg.png in Resources */ = {isa = PBXBuildFile; fileRef = 18B66A831A07645C00053336 /* brandBgImg.png */; };
		18B66A861A07655100053336 /* kilometreBgImg.png in Resources */ = {isa = PBXBuildFile; fileRef = 18B66A851A07655100053336 /* kilometreBgImg.png */; };
		18B66A881A07663700053336 /* typeBgImg.png in Resources */ = {isa = PBXBuildFile; fileRef = 18B66A871A07663700053336 /* typeBgImg.png */; };
		18B66A8C1A076CA900053336 /* HGSettlementViewController.m in Sources */ = {isa = PBXBuildFile; fileRef = 18B66A8A1A076CA900053336 /* HGSettlementViewController.m */; };
		18B66A8D1A076CA900053336 /* HGSettlementViewController.xib in Resources */ = {isa = PBXBuildFile; fileRef = 18B66A8B1A076CA900053336 /* HGSettlementViewController.xib */; };
		18B66A8F1A076CE800053336 /* settlementBgImg.png in Resources */ = {isa = PBXBuildFile; fileRef = 18B66A8E1A076CE800053336 /* settlementBgImg.png */; };
		18B66A911A076F9C00053336 /* brandImg.png in Resources */ = {isa = PBXBuildFile; fileRef = 18B66A901A076F9C00053336 /* brandImg.png */; };
		18B66A951A07798600053336 /* checkLogin@2x.png in Resources */ = {isa = PBXBuildFile; fileRef = 18B66A941A07798600053336 /* checkLogin@2x.png */; };
		18B66A981A077AC800053336 /* leftArrow@2x.png in Resources */ = {isa = PBXBuildFile; fileRef = 18B66A961A077AC800053336 /* leftArrow@2x.png */; };
		18B66A991A077AC800053336 /* rightArrow@2x.png in Resources */ = {isa = PBXBuildFile; fileRef = 18B66A971A077AC800053336 /* rightArrow@2x.png */; };
		18B66AD21A077D9300053336 /* type1.png in Resources */ = {isa = PBXBuildFile; fileRef = 18B66AB11A077D9300053336 /* type1.png */; };
		18B66AD31A077D9300053336 /* type10.png in Resources */ = {isa = PBXBuildFile; fileRef = 18B66AB21A077D9300053336 /* type10.png */; };
		18B66AD41A077D9300053336 /* type11.png in Resources */ = {isa = PBXBuildFile; fileRef = 18B66AB31A077D9300053336 /* type11.png */; };
		18B66AD51A077D9300053336 /* type12.png in Resources */ = {isa = PBXBuildFile; fileRef = 18B66AB41A077D9300053336 /* type12.png */; };
		18B66AD61A077D9300053336 /* type2.png in Resources */ = {isa = PBXBuildFile; fileRef = 18B66AB51A077D9300053336 /* type2.png */; };
		18B66AD71A077D9300053336 /* type3.png in Resources */ = {isa = PBXBuildFile; fileRef = 18B66AB61A077D9300053336 /* type3.png */; };
		18B66AD81A077D9300053336 /* type4.png in Resources */ = {isa = PBXBuildFile; fileRef = 18B66AB71A077D9300053336 /* type4.png */; };
		18B66AD91A077D9300053336 /* type5.png in Resources */ = {isa = PBXBuildFile; fileRef = 18B66AB81A077D9300053336 /* type5.png */; };
		18B66ADA1A077D9300053336 /* type6.png in Resources */ = {isa = PBXBuildFile; fileRef = 18B66AB91A077D9300053336 /* type6.png */; };
		18B66ADB1A077D9300053336 /* type7.png in Resources */ = {isa = PBXBuildFile; fileRef = 18B66ABA1A077D9300053336 /* type7.png */; };
		18B66ADC1A077D9300053336 /* type8.png in Resources */ = {isa = PBXBuildFile; fileRef = 18B66ABB1A077D9300053336 /* type8.png */; };
		18B66ADD1A077D9300053336 /* type9.png in Resources */ = {isa = PBXBuildFile; fileRef = 18B66ABC1A077D9300053336 /* type9.png */; };
		18C4C0591A0790600077026E /* HGCarTypeCollectionViewCell.m in Sources */ = {isa = PBXBuildFile; fileRef = 18C4C0571A0790600077026E /* HGCarTypeCollectionViewCell.m */; };
		18C4C05A1A0790600077026E /* HGCarTypeCollectionViewCell.xib in Resources */ = {isa = PBXBuildFile; fileRef = 18C4C0581A0790600077026E /* HGCarTypeCollectionViewCell.xib */; };
		18C4C05D1A0790D40077026E /* carSeleted.png in Resources */ = {isa = PBXBuildFile; fileRef = 18C4C05B1A0790D40077026E /* carSeleted.png */; };
		18C4C05E1A0790D40077026E /* carUnSele.png in Resources */ = {isa = PBXBuildFile; fileRef = 18C4C05C1A0790D40077026E /* carUnSele.png */; };
		18C4C0621A0793DD0077026E /* HGKilometreCollectionViewCell.m in Sources */ = {isa = PBXBuildFile; fileRef = 18C4C0601A0793DD0077026E /* HGKilometreCollectionViewCell.m */; };
		18C4C0631A0793DD0077026E /* HGKilometreCollectionViewCell.xib in Resources */ = {isa = PBXBuildFile; fileRef = 18C4C0611A0793DD0077026E /* HGKilometreCollectionViewCell.xib */; };
		6E6080171A07CA04002112A1 /* HGCustomerListViewController.m in Sources */ = {isa = PBXBuildFile; fileRef = 6E6080151A07CA04002112A1 /* HGCustomerListViewController.m */; };
		6E6080181A07CA04002112A1 /* HGCustomerListViewController.xib in Resources */ = {isa = PBXBuildFile; fileRef = 6E6080161A07CA04002112A1 /* HGCustomerListViewController.xib */; };
		6E60801C1A07CA1B002112A1 /* HGCustomerDetailViewController.m in Sources */ = {isa = PBXBuildFile; fileRef = 6E60801A1A07CA1B002112A1 /* HGCustomerDetailViewController.m */; };
		6E60801D1A07CA1B002112A1 /* HGCustomerDetailViewController.xib in Resources */ = {isa = PBXBuildFile; fileRef = 6E60801B1A07CA1B002112A1 /* HGCustomerDetailViewController.xib */; };
		6E6080211A07CA48002112A1 /* HGCustomerInfoViewController.m in Sources */ = {isa = PBXBuildFile; fileRef = 6E60801F1A07CA48002112A1 /* HGCustomerInfoViewController.m */; };
		6E6080221A07CA48002112A1 /* HGCustomerInfoViewController.xib in Resources */ = {isa = PBXBuildFile; fileRef = 6E6080201A07CA48002112A1 /* HGCustomerInfoViewController.xib */; };
		6EB82E811A07C1CB00E9CFAD /* HGChooseContentViewController.m in Sources */ = {isa = PBXBuildFile; fileRef = 6EB82E7F1A07C1CB00E9CFAD /* HGChooseContentViewController.m */; };
		6EB82E821A07C1CB00E9CFAD /* HGChooseContentViewController.xib in Resources */ = {isa = PBXBuildFile; fileRef = 6EB82E801A07C1CB00E9CFAD /* HGChooseContentViewController.xib */; };
/* End PBXBuildFile section */

/* Begin PBXFileReference section */
		1852B1131A0863AA00BAF330 /* 10000.png */ = {isa = PBXFileReference; lastKnownFileType = image.png; path = 10000.png; sourceTree = "<group>"; };
		1852B1141A0863AA00BAF330 /* 100000.png */ = {isa = PBXFileReference; lastKnownFileType = image.png; path = 100000.png; sourceTree = "<group>"; };
		1852B1151A0863AA00BAF330 /* 10K+.png */ = {isa = PBXFileReference; lastKnownFileType = image.png; path = "10K+.png"; sourceTree = "<group>"; };
		1852B1161A0863AA00BAF330 /* 15000.png */ = {isa = PBXFileReference; lastKnownFileType = image.png; path = 15000.png; sourceTree = "<group>"; };
		1852B1171A0863AA00BAF330 /* 2000.png */ = {isa = PBXFileReference; lastKnownFileType = image.png; path = 2000.png; sourceTree = "<group>"; };
		1852B1181A0863AA00BAF330 /* 25000.png */ = {isa = PBXFileReference; lastKnownFileType = image.png; path = 25000.png; sourceTree = "<group>"; };
		1852B1191A0863AA00BAF330 /* 30000.png */ = {isa = PBXFileReference; lastKnownFileType = image.png; path = 30000.png; sourceTree = "<group>"; };
		1852B11A1A0863AA00BAF330 /* 35000.png */ = {isa = PBXFileReference; lastKnownFileType = image.png; path = 35000.png; sourceTree = "<group>"; };
		1852B11B1A0863AA00BAF330 /* 40000.png */ = {isa = PBXFileReference; lastKnownFileType = image.png; path = 40000.png; sourceTree = "<group>"; };
		1852B11C1A0863AA00BAF330 /* 45000.png */ = {isa = PBXFileReference; lastKnownFileType = image.png; path = 45000.png; sourceTree = "<group>"; };
		1852B11D1A0863AA00BAF330 /* 5000.png */ = {isa = PBXFileReference; lastKnownFileType = image.png; path = 5000.png; sourceTree = "<group>"; };
		1852B11E1A0863AA00BAF330 /* 50000.png */ = {isa = PBXFileReference; lastKnownFileType = image.png; path = 50000.png; sourceTree = "<group>"; };
		1852B11F1A0863AA00BAF330 /* 55000.png */ = {isa = PBXFileReference; lastKnownFileType = image.png; path = 55000.png; sourceTree = "<group>"; };
		1852B1201A0863AA00BAF330 /* 60000.png */ = {isa = PBXFileReference; lastKnownFileType = image.png; path = 60000.png; sourceTree = "<group>"; };
		1852B1211A0863AA00BAF330 /* 65000.png */ = {isa = PBXFileReference; lastKnownFileType = image.png; path = 65000.png; sourceTree = "<group>"; };
		1852B1221A0863AA00BAF330 /* 70000.png */ = {isa = PBXFileReference; lastKnownFileType = image.png; path = 70000.png; sourceTree = "<group>"; };
		1852B1231A0863AA00BAF330 /* 75000.png */ = {isa = PBXFileReference; lastKnownFileType = image.png; path = 75000.png; sourceTree = "<group>"; };
		1852B1241A0863AA00BAF330 /* 80000.png */ = {isa = PBXFileReference; lastKnownFileType = image.png; path = 80000.png; sourceTree = "<group>"; };
		1852B1251A0863AA00BAF330 /* 85000.png */ = {isa = PBXFileReference; lastKnownFileType = image.png; path = 85000.png; sourceTree = "<group>"; };
		1852B1261A0863AA00BAF330 /* 90000.png */ = {isa = PBXFileReference; lastKnownFileType = image.png; path = 90000.png; sourceTree = "<group>"; };
		1852B1271A0863AA00BAF330 /* 95000.png */ = {isa = PBXFileReference; lastKnownFileType = image.png; path = 95000.png; sourceTree = "<group>"; };
		1852B13D1A08684200BAF330 /* logo.png */ = {isa = PBXFileReference; lastKnownFileType = image.png; path = logo.png; sourceTree = "<group>"; };
		1852B13F1A08697B00BAF330 /* cailiao1.jpg */ = {isa = PBXFileReference; lastKnownFileType = image.jpeg; path = cailiao1.jpg; sourceTree = "<group>"; };
		1852B1401A08697B00BAF330 /* cailiao2.jpg */ = {isa = PBXFileReference; lastKnownFileType = image.jpeg; path = cailiao2.jpg; sourceTree = "<group>"; };
		1852B1411A08697B00BAF330 /* cailiao3.jpg */ = {isa = PBXFileReference; lastKnownFileType = image.jpeg; path = cailiao3.jpg; sourceTree = "<group>"; };
		1852B1421A08697B00BAF330 /* cailiao4.jpg */ = {isa = PBXFileReference; lastKnownFileType = image.jpeg; path = cailiao4.jpg; sourceTree = "<group>"; };
		18B66A021A07418200053336 /* Hg_Vrm_Japan.app */ = {isa = PBXFileReference; explicitFileType = wrapper.application; includeInIndex = 0; path = Hg_Vrm_Japan.app; sourceTree = BUILT_PRODUCTS_DIR; };
		18B66A051A07418200053336 /* Foundation.framework */ = {isa = PBXFileReference; lastKnownFileType = wrapper.framework; name = Foundation.framework; path = System/Library/Frameworks/Foundation.framework; sourceTree = SDKROOT; };
		18B66A071A07418200053336 /* CoreGraphics.framework */ = {isa = PBXFileReference; lastKnownFileType = wrapper.framework; name = CoreGraphics.framework; path = System/Library/Frameworks/CoreGraphics.framework; sourceTree = SDKROOT; };
		18B66A091A07418200053336 /* UIKit.framework */ = {isa = PBXFileReference; lastKnownFileType = wrapper.framework; name = UIKit.framework; path = System/Library/Frameworks/UIKit.framework; sourceTree = SDKROOT; };
		18B66A0D1A07418200053336 /* Info.plist */ = {isa = PBXFileReference; lastKnownFileType = text.plist.xml; path = Info.plist; sourceTree = "<group>"; };
		18B66A0E1A07418200053336 /* main.m */ = {isa = PBXFileReference; lastKnownFileType = sourcecode.c.objc; path = main.m; sourceTree = "<group>"; };
		18B66A101A07418200053336 /* Hg_Vrm_Japan-Info.plist */ = {isa = PBXFileReference; lastKnownFileType = text.plist.xml; path = "Hg_Vrm_Japan-Info.plist"; sourceTree = "<group>"; };
		18B66A121A07418200053336 /* Hg_Vrm_Japan-Prefix.pch */ = {isa = PBXFileReference; lastKnownFileType = sourcecode.c.h; path = "Hg_Vrm_Japan-Prefix.pch"; sourceTree = "<group>"; };
		18B66A1A1A07418200053336 /* Images.xcassets */ = {isa = PBXFileReference; lastKnownFileType = folder.assetcatalog; path = Images.xcassets; sourceTree = "<group>"; };
		18B66A201A07418200053336 /* Hg_Vrm_JapanTests.xctest */ = {isa = PBXFileReference; explicitFileType = wrapper.cfbundle; includeInIndex = 0; path = Hg_Vrm_JapanTests.xctest; sourceTree = BUILT_PRODUCTS_DIR; };
		18B66A211A07418200053336 /* XCTest.framework */ = {isa = PBXFileReference; lastKnownFileType = wrapper.framework; name = XCTest.framework; path = Library/Frameworks/XCTest.framework; sourceTree = DEVELOPER_DIR; };
		18B66A251A07418200053336 /* Info.plist */ = {isa = PBXFileReference; lastKnownFileType = text.plist.xml; path = Info.plist; sourceTree = "<group>"; };
		18B66A261A07418200053336 /* Hg_Vrm_JapanTests-Info.plist */ = {isa = PBXFileReference; lastKnownFileType = text.plist.xml; path = "Hg_Vrm_JapanTests-Info.plist"; sourceTree = "<group>"; };
		18B66A281A07418200053336 /* Hg_Vrm_JapanTests.m */ = {isa = PBXFileReference; lastKnownFileType = sourcecode.c.objc; path = Hg_Vrm_JapanTests.m; sourceTree = "<group>"; };
		18B66A351A074BF300053336 /* HGAppDelegate.h */ = {isa = PBXFileReference; fileEncoding = 4; lastKnownFileType = sourcecode.c.h; path = HGAppDelegate.h; sourceTree = "<group>"; };
		18B66A361A074BF300053336 /* HGAppDelegate.m */ = {isa = PBXFileReference; fileEncoding = 4; lastKnownFileType = sourcecode.c.objc; path = HGAppDelegate.m; sourceTree = "<group>"; };
		18B66A381A074D5200053336 /* HomeViewController.m */ = {isa = PBXFileReference; fileEncoding = 4; lastKnownFileType = sourcecode.c.objc; path = HomeViewController.m; sourceTree = "<group>"; };
		18B66A391A074D5200053336 /* HomeViewController.h */ = {isa = PBXFileReference; fileEncoding = 4; lastKnownFileType = sourcecode.c.h; path = HomeViewController.h; sourceTree = "<group>"; };
		18B66A3C1A074D5200053336 /* NSArray+Addition.h */ = {isa = PBXFileReference; fileEncoding = 4; lastKnownFileType = sourcecode.c.h; path = "NSArray+Addition.h"; sourceTree = "<group>"; };
		18B66A3D1A074D5200053336 /* NSArray+Addition.m */ = {isa = PBXFileReference; fileEncoding = 4; lastKnownFileType = sourcecode.c.objc; path = "NSArray+Addition.m"; sourceTree = "<group>"; };
		18B66A3E1A074D5200053336 /* UIColor+CustomColors.h */ = {isa = PBXFileReference; fileEncoding = 4; lastKnownFileType = sourcecode.c.h; path = "UIColor+CustomColors.h"; sourceTree = "<group>"; };
		18B66A3F1A074D5200053336 /* UIColor+CustomColors.m */ = {isa = PBXFileReference; fileEncoding = 4; lastKnownFileType = sourcecode.c.objc; path = "UIColor+CustomColors.m"; sourceTree = "<group>"; };
		18B66A401A074D5200053336 /* UIImage+Additions.h */ = {isa = PBXFileReference; fileEncoding = 4; lastKnownFileType = sourcecode.c.h; path = "UIImage+Additions.h"; sourceTree = "<group>"; };
		18B66A411A074D5200053336 /* UIImage+Additions.m */ = {isa = PBXFileReference; fileEncoding = 4; lastKnownFileType = sourcecode.c.objc; path = "UIImage+Additions.m"; sourceTree = "<group>"; };
		18B66A421A074D5200053336 /* UIView+Additions.h */ = {isa = PBXFileReference; fileEncoding = 4; lastKnownFileType = sourcecode.c.h; path = "UIView+Additions.h"; sourceTree = "<group>"; };
		18B66A431A074D5200053336 /* UIView+Additions.m */ = {isa = PBXFileReference; fileEncoding = 4; lastKnownFileType = sourcecode.c.objc; path = "UIView+Additions.m"; sourceTree = "<group>"; };
		18B66A441A074D5200053336 /* UIView+Extensions.h */ = {isa = PBXFileReference; fileEncoding = 4; lastKnownFileType = sourcecode.c.h; path = "UIView+Extensions.h"; sourceTree = "<group>"; };
		18B66A451A074D5200053336 /* UIView+Extensions.m */ = {isa = PBXFileReference; fileEncoding = 4; lastKnownFileType = sourcecode.c.objc; path = "UIView+Extensions.m"; sourceTree = "<group>"; };
		18B66A471A074D5200053336 /* StyledPageControl.h */ = {isa = PBXFileReference; fileEncoding = 4; lastKnownFileType = sourcecode.c.h; path = StyledPageControl.h; sourceTree = "<group>"; };
		18B66A481A074D5200053336 /* StyledPageControl.m */ = {isa = PBXFileReference; fileEncoding = 4; lastKnownFileType = sourcecode.c.objc; path = StyledPageControl.m; sourceTree = "<group>"; };
		18B66A491A074D5200053336 /* LoginViewController.h */ = {isa = PBXFileReference; fileEncoding = 4; lastKnownFileType = sourcecode.c.h; path = LoginViewController.h; sourceTree = "<group>"; };
		18B66A4A1A074D5200053336 /* LoginViewController.m */ = {isa = PBXFileReference; fileEncoding = 4; lastKnownFileType = sourcecode.c.objc; path = LoginViewController.m; sourceTree = "<group>"; };
		18B66A4D1A074D5200053336 /* selected.png */ = {isa = PBXFileReference; lastKnownFileType = image.png; path = selected.png; sourceTree = "<group>"; };
		18B66A4E1A074D5200053336 /* thirdPage.png */ = {isa = PBXFileReference; lastKnownFileType = image.png; path = thirdPage.png; sourceTree = "<group>"; };
		18B66A4F1A074D5200053336 /* unSelected.png */ = {isa = PBXFileReference; lastKnownFileType = image.png; path = unSelected.png; sourceTree = "<group>"; };
		18B66A511A074D5200053336 /* checked.png */ = {isa = PBXFileReference; lastKnownFileType = image.png; path = checked.png; sourceTree = "<group>"; };
		18B66A521A074D5200053336 /* checkLogin.png */ = {isa = PBXFileReference; lastKnownFileType = image.png; path = checkLogin.png; sourceTree = "<group>"; };
		18B66A531A074D5200053336 /* loginBgImg.png */ = {isa = PBXFileReference; lastKnownFileType = image.png; path = loginBgImg.png; sourceTree = "<group>"; };
		18B66A541A074D5200053336 /* loginBtn.png */ = {isa = PBXFileReference; lastKnownFileType = image.png; path = loginBtn.png; sourceTree = "<group>"; };
		18B66A641A07571400053336 /* HGDataStore.h */ = {isa = PBXFileReference; fileEncoding = 4; lastKnownFileType = sourcecode.c.h; path = HGDataStore.h; sourceTree = "<group>"; };
		18B66A651A07571400053336 /* HGDataStore.m */ = {isa = PBXFileReference; fileEncoding = 4; lastKnownFileType = sourcecode.c.objc; path = HGDataStore.m; sourceTree = "<group>"; };
		18B66A671A075F8000053336 /* HomeViewController.xib */ = {isa = PBXFileReference; fileEncoding = 4; lastKnownFileType = file.xib; path = HomeViewController.xib; sourceTree = "<group>"; };
		18B66A6D1A07608A00053336 /* LoginViewController.xib */ = {isa = PBXFileReference; fileEncoding = 4; lastKnownFileType = file.xib; path = LoginViewController.xib; sourceTree = "<group>"; };
		18B66A741A0761CB00053336 /* HGChooseBrandViewController.h */ = {isa = PBXFileReference; fileEncoding = 4; lastKnownFileType = sourcecode.c.h; path = HGChooseBrandViewController.h; sourceTree = "<group>"; };
		18B66A751A0761CB00053336 /* HGChooseBrandViewController.m */ = {isa = PBXFileReference; fileEncoding = 4; lastKnownFileType = sourcecode.c.objc; path = HGChooseBrandViewController.m; sourceTree = "<group>"; };
		18B66A761A0761CB00053336 /* HGChooseBrandViewController.xib */ = {isa = PBXFileReference; fileEncoding = 4; lastKnownFileType = file.xib; path = HGChooseBrandViewController.xib; sourceTree = "<group>"; };
		18B66A791A0761E700053336 /* HGChooseTypeViewController.h */ = {isa = PBXFileReference; fileEncoding = 4; lastKnownFileType = sourcecode.c.h; path = HGChooseTypeViewController.h; sourceTree = "<group>"; };
		18B66A7A1A0761E700053336 /* HGChooseTypeViewController.m */ = {isa = PBXFileReference; fileEncoding = 4; lastKnownFileType = sourcecode.c.objc; path = HGChooseTypeViewController.m; sourceTree = "<group>"; };
		18B66A7B1A0761E700053336 /* HGChooseTypeViewController.xib */ = {isa = PBXFileReference; fileEncoding = 4; lastKnownFileType = file.xib; path = HGChooseTypeViewController.xib; sourceTree = "<group>"; };
		18B66A7E1A07623500053336 /* HGChooseKilometreViewController.h */ = {isa = PBXFileReference; fileEncoding = 4; lastKnownFileType = sourcecode.c.h; path = HGChooseKilometreViewController.h; sourceTree = "<group>"; };
		18B66A7F1A07623500053336 /* HGChooseKilometreViewController.m */ = {isa = PBXFileReference; fileEncoding = 4; lastKnownFileType = sourcecode.c.objc; path = HGChooseKilometreViewController.m; sourceTree = "<group>"; };
		18B66A801A07623500053336 /* HGChooseKilometreViewController.xib */ = {isa = PBXFileReference; fileEncoding = 4; lastKnownFileType = file.xib; path = HGChooseKilometreViewController.xib; sourceTree = "<group>"; };
		18B66A831A07645C00053336 /* brandBgImg.png */ = {isa = PBXFileReference; lastKnownFileType = image.png; path = brandBgImg.png; sourceTree = "<group>"; };
		18B66A851A07655100053336 /* kilometreBgImg.png */ = {isa = PBXFileReference; lastKnownFileType = image.png; path = kilometreBgImg.png; sourceTree = "<group>"; };
		18B66A871A07663700053336 /* typeBgImg.png */ = {isa = PBXFileReference; lastKnownFileType = image.png; path = typeBgImg.png; sourceTree = "<group>"; };
		18B66A891A076CA900053336 /* HGSettlementViewController.h */ = {isa = PBXFileReference; fileEncoding = 4; lastKnownFileType = sourcecode.c.h; path = HGSettlementViewController.h; sourceTree = "<group>"; };
		18B66A8A1A076CA900053336 /* HGSettlementViewController.m */ = {isa = PBXFileReference; fileEncoding = 4; lastKnownFileType = sourcecode.c.objc; path = HGSettlementViewController.m; sourceTree = "<group>"; };
		18B66A8B1A076CA900053336 /* HGSettlementViewController.xib */ = {isa = PBXFileReference; fileEncoding = 4; lastKnownFileType = file.xib; path = HGSettlementViewController.xib; sourceTree = "<group>"; };
		18B66A8E1A076CE800053336 /* settlementBgImg.png */ = {isa = PBXFileReference; lastKnownFileType = image.png; path = settlementBgImg.png; sourceTree = "<group>"; };
		18B66A901A076F9C00053336 /* brandImg.png */ = {isa = PBXFileReference; lastKnownFileType = image.png; path = brandImg.png; sourceTree = "<group>"; };
		18B66A941A07798600053336 /* checkLogin@2x.png */ = {isa = PBXFileReference; lastKnownFileType = image.png; path = "checkLogin@2x.png"; sourceTree = "<group>"; };
		18B66A961A077AC800053336 /* leftArrow@2x.png */ = {isa = PBXFileReference; lastKnownFileType = image.png; path = "leftArrow@2x.png"; sourceTree = "<group>"; };
		18B66A971A077AC800053336 /* rightArrow@2x.png */ = {isa = PBXFileReference; lastKnownFileType = image.png; path = "rightArrow@2x.png"; sourceTree = "<group>"; };
		18B66AB11A077D9300053336 /* type1.png */ = {isa = PBXFileReference; lastKnownFileType = image.png; path = type1.png; sourceTree = "<group>"; };
		18B66AB21A077D9300053336 /* type10.png */ = {isa = PBXFileReference; lastKnownFileType = image.png; path = type10.png; sourceTree = "<group>"; };
		18B66AB31A077D9300053336 /* type11.png */ = {isa = PBXFileReference; lastKnownFileType = image.png; path = type11.png; sourceTree = "<group>"; };
		18B66AB41A077D9300053336 /* type12.png */ = {isa = PBXFileReference; lastKnownFileType = image.png; path = type12.png; sourceTree = "<group>"; };
		18B66AB51A077D9300053336 /* type2.png */ = {isa = PBXFileReference; lastKnownFileType = image.png; path = type2.png; sourceTree = "<group>"; };
		18B66AB61A077D9300053336 /* type3.png */ = {isa = PBXFileReference; lastKnownFileType = image.png; path = type3.png; sourceTree = "<group>"; };
		18B66AB71A077D9300053336 /* type4.png */ = {isa = PBXFileReference; lastKnownFileType = image.png; path = type4.png; sourceTree = "<group>"; };
		18B66AB81A077D9300053336 /* type5.png */ = {isa = PBXFileReference; lastKnownFileType = image.png; path = type5.png; sourceTree = "<group>"; };
		18B66AB91A077D9300053336 /* type6.png */ = {isa = PBXFileReference; lastKnownFileType = image.png; path = type6.png; sourceTree = "<group>"; };
		18B66ABA1A077D9300053336 /* type7.png */ = {isa = PBXFileReference; lastKnownFileType = image.png; path = type7.png; sourceTree = "<group>"; };
		18B66ABB1A077D9300053336 /* type8.png */ = {isa = PBXFileReference; lastKnownFileType = image.png; path = type8.png; sourceTree = "<group>"; };
		18B66ABC1A077D9300053336 /* type9.png */ = {isa = PBXFileReference; lastKnownFileType = image.png; path = type9.png; sourceTree = "<group>"; };
		18C4C0561A0790600077026E /* HGCarTypeCollectionViewCell.h */ = {isa = PBXFileReference; fileEncoding = 4; lastKnownFileType = sourcecode.c.h; path = HGCarTypeCollectionViewCell.h; sourceTree = "<group>"; };
		18C4C0571A0790600077026E /* HGCarTypeCollectionViewCell.m */ = {isa = PBXFileReference; fileEncoding = 4; lastKnownFileType = sourcecode.c.objc; path = HGCarTypeCollectionViewCell.m; sourceTree = "<group>"; };
		18C4C0581A0790600077026E /* HGCarTypeCollectionViewCell.xib */ = {isa = PBXFileReference; fileEncoding = 4; lastKnownFileType = file.xib; path = HGCarTypeCollectionViewCell.xib; sourceTree = "<group>"; };
		18C4C05B1A0790D40077026E /* carSeleted.png */ = {isa = PBXFileReference; lastKnownFileType = image.png; path = carSeleted.png; sourceTree = "<group>"; };
		18C4C05C1A0790D40077026E /* carUnSele.png */ = {isa = PBXFileReference; lastKnownFileType = image.png; path = carUnSele.png; sourceTree = "<group>"; };
		18C4C05F1A0793DD0077026E /* HGKilometreCollectionViewCell.h */ = {isa = PBXFileReference; fileEncoding = 4; lastKnownFileType = sourcecode.c.h; path = HGKilometreCollectionViewCell.h; sourceTree = "<group>"; };
		18C4C0601A0793DD0077026E /* HGKilometreCollectionViewCell.m */ = {isa = PBXFileReference; fileEncoding = 4; lastKnownFileType = sourcecode.c.objc; path = HGKilometreCollectionViewCell.m; sourceTree = "<group>"; };
		18C4C0611A0793DD0077026E /* HGKilometreCollectionViewCell.xib */ = {isa = PBXFileReference; fileEncoding = 4; lastKnownFileType = file.xib; path = HGKilometreCollectionViewCell.xib; sourceTree = "<group>"; };
		6E6080141A07CA04002112A1 /* HGCustomerListViewController.h */ = {isa = PBXFileReference; fileEncoding = 4; lastKnownFileType = sourcecode.c.h; path = HGCustomerListViewController.h; sourceTree = "<group>"; };
		6E6080151A07CA04002112A1 /* HGCustomerListViewController.m */ = {isa = PBXFileReference; fileEncoding = 4; lastKnownFileType = sourcecode.c.objc; path = HGCustomerListViewController.m; sourceTree = "<group>"; };
		6E6080161A07CA04002112A1 /* HGCustomerListViewController.xib */ = {isa = PBXFileReference; fileEncoding = 4; lastKnownFileType = file.xib; path = HGCustomerListViewController.xib; sourceTree = "<group>"; };
		6E6080191A07CA1B002112A1 /* HGCustomerDetailViewController.h */ = {isa = PBXFileReference; fileEncoding = 4; lastKnownFileType = sourcecode.c.h; path = HGCustomerDetailViewController.h; sourceTree = "<group>"; };
		6E60801A1A07CA1B002112A1 /* HGCustomerDetailViewController.m */ = {isa = PBXFileReference; fileEncoding = 4; lastKnownFileType = sourcecode.c.objc; path = HGCustomerDetailViewController.m; sourceTree = "<group>"; };
		6E60801B1A07CA1B002112A1 /* HGCustomerDetailViewController.xib */ = {isa = PBXFileReference; fileEncoding = 4; lastKnownFileType = file.xib; path = HGCustomerDetailViewController.xib; sourceTree = "<group>"; };
		6E60801E1A07CA48002112A1 /* HGCustomerInfoViewController.h */ = {isa = PBXFileReference; fileEncoding = 4; lastKnownFileType = sourcecode.c.h; path = HGCustomerInfoViewController.h; sourceTree = "<group>"; };
		6E60801F1A07CA48002112A1 /* HGCustomerInfoViewController.m */ = {isa = PBXFileReference; fileEncoding = 4; lastKnownFileType = sourcecode.c.objc; path = HGCustomerInfoViewController.m; sourceTree = "<group>"; };
		6E6080201A07CA48002112A1 /* HGCustomerInfoViewController.xib */ = {isa = PBXFileReference; fileEncoding = 4; lastKnownFileType = file.xib; path = HGCustomerInfoViewController.xib; sourceTree = "<group>"; };
		6EB82E7E1A07C1CB00E9CFAD /* HGChooseContentViewController.h */ = {isa = PBXFileReference; fileEncoding = 4; lastKnownFileType = sourcecode.c.h; path = HGChooseContentViewController.h; sourceTree = "<group>"; };
		6EB82E7F1A07C1CB00E9CFAD /* HGChooseContentViewController.m */ = {isa = PBXFileReference; fileEncoding = 4; lastKnownFileType = sourcecode.c.objc; path = HGChooseContentViewController.m; sourceTree = "<group>"; };
		6EB82E801A07C1CB00E9CFAD /* HGChooseContentViewController.xib */ = {isa = PBXFileReference; fileEncoding = 4; lastKnownFileType = file.xib; path = HGChooseContentViewController.xib; sourceTree = "<group>"; };
/* End PBXFileReference section */

/* Begin PBXFrameworksBuildPhase section */
		18B669FF1A07418200053336 /* Frameworks */ = {
			isa = PBXFrameworksBuildPhase;
			buildActionMask = 2147483647;
			files = (
				18B66A081A07418200053336 /* CoreGraphics.framework in Frameworks */,
				18B66A0A1A07418200053336 /* UIKit.framework in Frameworks */,
				18B66A061A07418200053336 /* Foundation.framework in Frameworks */,
			);
			runOnlyForDeploymentPostprocessing = 0;
		};
		18B66A1D1A07418200053336 /* Frameworks */ = {
			isa = PBXFrameworksBuildPhase;
			buildActionMask = 2147483647;
			files = (
				18B66A221A07418200053336 /* XCTest.framework in Frameworks */,
			);
			runOnlyForDeploymentPostprocessing = 0;
		};
/* End PBXFrameworksBuildPhase section */

/* Begin PBXGroup section */
		1852B1121A0863AA00BAF330 /* Kilometre */ = {
			isa = PBXGroup;
			children = (
				1852B1131A0863AA00BAF330 /* 10000.png */,
				1852B1141A0863AA00BAF330 /* 100000.png */,
				1852B1151A0863AA00BAF330 /* 10K+.png */,
				1852B1161A0863AA00BAF330 /* 15000.png */,
				1852B1171A0863AA00BAF330 /* 2000.png */,
				1852B1181A0863AA00BAF330 /* 25000.png */,
				1852B1191A0863AA00BAF330 /* 30000.png */,
				1852B11A1A0863AA00BAF330 /* 35000.png */,
				1852B11B1A0863AA00BAF330 /* 40000.png */,
				1852B11C1A0863AA00BAF330 /* 45000.png */,
				1852B11D1A0863AA00BAF330 /* 5000.png */,
				1852B11E1A0863AA00BAF330 /* 50000.png */,
				1852B11F1A0863AA00BAF330 /* 55000.png */,
				1852B1201A0863AA00BAF330 /* 60000.png */,
				1852B1211A0863AA00BAF330 /* 65000.png */,
				1852B1221A0863AA00BAF330 /* 70000.png */,
				1852B1231A0863AA00BAF330 /* 75000.png */,
				1852B1241A0863AA00BAF330 /* 80000.png */,
				1852B1251A0863AA00BAF330 /* 85000.png */,
				1852B1261A0863AA00BAF330 /* 90000.png */,
				1852B1271A0863AA00BAF330 /* 95000.png */,
			);
			path = Kilometre;
			sourceTree = "<group>";
		};
		18B669F91A07418200053336 = {
			isa = PBXGroup;
			children = (
				18B66A0B1A07418200053336 /* Hg_Vrm_Japan */,
				18B66A231A07418200053336 /* Hg_Vrm_JapanTests */,
				18B66A041A07418200053336 /* Frameworks */,
				18B66A031A07418200053336 /* Products */,
			);
			sourceTree = "<group>";
		};
		18B66A031A07418200053336 /* Products */ = {
			isa = PBXGroup;
			children = (
				18B66A021A07418200053336 /* Hg_Vrm_Japan.app */,
				18B66A201A07418200053336 /* Hg_Vrm_JapanTests.xctest */,
			);
			name = Products;
			sourceTree = "<group>";
		};
		18B66A041A07418200053336 /* Frameworks */ = {
			isa = PBXGroup;
			children = (
				18B66A051A07418200053336 /* Foundation.framework */,
				18B66A071A07418200053336 /* CoreGraphics.framework */,
				18B66A091A07418200053336 /* UIKit.framework */,
				18B66A211A07418200053336 /* XCTest.framework */,
			);
			name = Frameworks;
			sourceTree = "<group>";
		};
		18B66A0B1A07418200053336 /* Hg_Vrm_Japan */ = {
			isa = PBXGroup;
			children = (
				18B66A101A07418200053336 /* Hg_Vrm_Japan-Info.plist */,
				18B66A121A07418200053336 /* Hg_Vrm_Japan-Prefix.pch */,
				18B66A391A074D5200053336 /* HomeViewController.h */,
				18B66A381A074D5200053336 /* HomeViewController.m */,
				18B66A671A075F8000053336 /* HomeViewController.xib */,
				18B66A491A074D5200053336 /* LoginViewController.h */,
				18B66A4A1A074D5200053336 /* LoginViewController.m */,
				18B66A6D1A07608A00053336 /* LoginViewController.xib */,
				18B66A731A0761A000053336 /* CarService */,
				18B66A3A1A074D5200053336 /* General */,
				18B66A4B1A074D5200053336 /* Images */,
				18B66A351A074BF300053336 /* HGAppDelegate.h */,
				18B66A361A074BF300053336 /* HGAppDelegate.m */,
				18B66A1A1A07418200053336 /* Images.xcassets */,
				18B66A0C1A07418200053336 /* Supporting Files */,
			);
			path = Hg_Vrm_Japan;
			sourceTree = "<group>";
		};
		18B66A0C1A07418200053336 /* Supporting Files */ = {
			isa = PBXGroup;
			children = (
				18B66A0D1A07418200053336 /* Info.plist */,
				18B66A0E1A07418200053336 /* main.m */,
			);
			name = "Supporting Files";
			sourceTree = "<group>";
		};
		18B66A231A07418200053336 /* Hg_Vrm_JapanTests */ = {
			isa = PBXGroup;
			children = (
				18B66A261A07418200053336 /* Hg_Vrm_JapanTests-Info.plist */,
				18B66A281A07418200053336 /* Hg_Vrm_JapanTests.m */,
				18B66A241A07418200053336 /* Supporting Files */,
			);
			path = Hg_Vrm_JapanTests;
			sourceTree = "<group>";
		};
		18B66A241A07418200053336 /* Supporting Files */ = {
			isa = PBXGroup;
			children = (
				18B66A251A07418200053336 /* Info.plist */,
			);
			name = "Supporting Files";
			sourceTree = "<group>";
		};
		18B66A3A1A074D5200053336 /* General */ = {
			isa = PBXGroup;
			children = (
				18C4C0551A0790320077026E /* Cell */,
				18B66A641A07571400053336 /* HGDataStore.h */,
				18B66A651A07571400053336 /* HGDataStore.m */,
				18B66A3B1A074D5200053336 /* Categories */,
				18B66A461A074D5200053336 /* PageControl */,
			);
			path = General;
			sourceTree = "<group>";
		};
		18B66A3B1A074D5200053336 /* Categories */ = {
			isa = PBXGroup;
			children = (
				18B66A3C1A074D5200053336 /* NSArray+Addition.h */,
				18B66A3D1A074D5200053336 /* NSArray+Addition.m */,
				18B66A3E1A074D5200053336 /* UIColor+CustomColors.h */,
				18B66A3F1A074D5200053336 /* UIColor+CustomColors.m */,
				18B66A401A074D5200053336 /* UIImage+Additions.h */,
				18B66A411A074D5200053336 /* UIImage+Additions.m */,
				18B66A421A074D5200053336 /* UIView+Additions.h */,
				18B66A431A074D5200053336 /* UIView+Additions.m */,
				18B66A441A074D5200053336 /* UIView+Extensions.h */,
				18B66A451A074D5200053336 /* UIView+Extensions.m */,
			);
			path = Categories;
			sourceTree = "<group>";
		};
		18B66A461A074D5200053336 /* PageControl */ = {
			isa = PBXGroup;
			children = (
				18B66A471A074D5200053336 /* StyledPageControl.h */,
				18B66A481A074D5200053336 /* StyledPageControl.m */,
			);
			path = PageControl;
			sourceTree = "<group>";
		};
		18B66A4B1A074D5200053336 /* Images */ = {
			isa = PBXGroup;
			children = (
				1852B1121A0863AA00BAF330 /* Kilometre */,
				18B66AB01A077D9300053336 /* Type */,
				18B66A961A077AC800053336 /* leftArrow@2x.png */,
				18B66A971A077AC800053336 /* rightArrow@2x.png */,
				18B66A941A07798600053336 /* checkLogin@2x.png */,
				18B66A901A076F9C00053336 /* brandImg.png */,
				18B66A8E1A076CE800053336 /* settlementBgImg.png */,
				18B66A871A07663700053336 /* typeBgImg.png */,
				18B66A851A07655100053336 /* kilometreBgImg.png */,
				18B66A831A07645C00053336 /* brandBgImg.png */,
				18B66A4C1A074D5200053336 /* Home */,
				18B66A501A074D5200053336 /* Login */,
			);
			path = Images;
			sourceTree = "<group>";
		};
		18B66A4C1A074D5200053336 /* Home */ = {
			isa = PBXGroup;
			children = (
				18B66A4D1A074D5200053336 /* selected.png */,
				18B66A4E1A074D5200053336 /* thirdPage.png */,
				18B66A4F1A074D5200053336 /* unSelected.png */,
			);
			path = Home;
			sourceTree = "<group>";
		};
		18B66A501A074D5200053336 /* Login */ = {
			isa = PBXGroup;
			children = (
				18B66A511A074D5200053336 /* checked.png */,
				18B66A521A074D5200053336 /* checkLogin.png */,
				18B66A531A074D5200053336 /* loginBgImg.png */,
				18B66A541A074D5200053336 /* loginBtn.png */,
			);
			path = Login;
			sourceTree = "<group>";
		};
		18B66A731A0761A000053336 /* CarService */ = {
			isa = PBXGroup;
			children = (
				18B66A741A0761CB00053336 /* HGChooseBrandViewController.h */,
				18B66A751A0761CB00053336 /* HGChooseBrandViewController.m */,
				18B66A761A0761CB00053336 /* HGChooseBrandViewController.xib */,
				18B66A791A0761E700053336 /* HGChooseTypeViewController.h */,
				18B66A7A1A0761E700053336 /* HGChooseTypeViewController.m */,
				18B66A7B1A0761E700053336 /* HGChooseTypeViewController.xib */,
				18B66A7E1A07623500053336 /* HGChooseKilometreViewController.h */,
				18B66A7F1A07623500053336 /* HGChooseKilometreViewController.m */,
				18B66A801A07623500053336 /* HGChooseKilometreViewController.xib */,
				6EB82E7E1A07C1CB00E9CFAD /* HGChooseContentViewController.h */,
				6EB82E7F1A07C1CB00E9CFAD /* HGChooseContentViewController.m */,
				6EB82E801A07C1CB00E9CFAD /* HGChooseContentViewController.xib */,
				18B66A891A076CA900053336 /* HGSettlementViewController.h */,
				18B66A8A1A076CA900053336 /* HGSettlementViewController.m */,
				18B66A8B1A076CA900053336 /* HGSettlementViewController.xib */,
				6E6080141A07CA04002112A1 /* HGCustomerListViewController.h */,
				6E6080151A07CA04002112A1 /* HGCustomerListViewController.m */,
				6E6080161A07CA04002112A1 /* HGCustomerListViewController.xib */,
				6E6080191A07CA1B002112A1 /* HGCustomerDetailViewController.h */,
				6E60801A1A07CA1B002112A1 /* HGCustomerDetailViewController.m */,
				6E60801B1A07CA1B002112A1 /* HGCustomerDetailViewController.xib */,
				6E60801E1A07CA48002112A1 /* HGCustomerInfoViewController.h */,
				6E60801F1A07CA48002112A1 /* HGCustomerInfoViewController.m */,
				6E6080201A07CA48002112A1 /* HGCustomerInfoViewController.xib */,
			);
			path = CarService;
			sourceTree = "<group>";
		};
		18B66AB01A077D9300053336 /* Type */ = {
			isa = PBXGroup;
			children = (
				1852B13D1A08684200BAF330 /* logo.png */,
				18C4C05B1A0790D40077026E /* carSeleted.png */,
				18C4C05C1A0790D40077026E /* carUnSele.png */,
				18B66AB11A077D9300053336 /* type1.png */,
				18B66AB21A077D9300053336 /* type10.png */,
				18B66AB31A077D9300053336 /* type11.png */,
				18B66AB41A077D9300053336 /* type12.png */,
				18B66AB51A077D9300053336 /* type2.png */,
				18B66AB61A077D9300053336 /* type3.png */,
				18B66AB71A077D9300053336 /* type4.png */,
				18B66AB81A077D9300053336 /* type5.png */,
				18B66AB91A077D9300053336 /* type6.png */,
				18B66ABA1A077D9300053336 /* type7.png */,
				18B66ABB1A077D9300053336 /* type8.png */,
				18B66ABC1A077D9300053336 /* type9.png */,
				1852B13F1A08697B00BAF330 /* cailiao1.jpg */,
				1852B1401A08697B00BAF330 /* cailiao2.jpg */,
				1852B1411A08697B00BAF330 /* cailiao3.jpg */,
				1852B1421A08697B00BAF330 /* cailiao4.jpg */,
			);
			path = Type;
			sourceTree = "<group>";
		};
		18C4C0551A0790320077026E /* Cell */ = {
			isa = PBXGroup;
			children = (
				18C4C0561A0790600077026E /* HGCarTypeCollectionViewCell.h */,
				18C4C0571A0790600077026E /* HGCarTypeCollectionViewCell.m */,
				18C4C0581A0790600077026E /* HGCarTypeCollectionViewCell.xib */,
				18C4C05F1A0793DD0077026E /* HGKilometreCollectionViewCell.h */,
				18C4C0601A0793DD0077026E /* HGKilometreCollectionViewCell.m */,
				18C4C0611A0793DD0077026E /* HGKilometreCollectionViewCell.xib */,
			);
			path = Cell;
			sourceTree = "<group>";
		};
/* End PBXGroup section */

/* Begin PBXNativeTarget section */
		18B66A011A07418200053336 /* Hg_Vrm_Japan */ = {
			isa = PBXNativeTarget;
			buildConfigurationList = 18B66A2C1A07418200053336 /* Build configuration list for PBXNativeTarget "Hg_Vrm_Japan" */;
			buildPhases = (
				18B669FE1A07418200053336 /* Sources */,
				18B669FF1A07418200053336 /* Frameworks */,
				18B66A001A07418200053336 /* Resources */,
			);
			buildRules = (
			);
			dependencies = (
			);
			name = Hg_Vrm_Japan;
			productName = Hg_Vrm_Japan;
			productReference = 18B66A021A07418200053336 /* Hg_Vrm_Japan.app */;
			productType = "com.apple.product-type.application";
		};
		18B66A1F1A07418200053336 /* Hg_Vrm_JapanTests */ = {
			isa = PBXNativeTarget;
			buildConfigurationList = 18B66A2F1A07418200053336 /* Build configuration list for PBXNativeTarget "Hg_Vrm_JapanTests" */;
			buildPhases = (
				18B66A1C1A07418200053336 /* Sources */,
				18B66A1D1A07418200053336 /* Frameworks */,
				18B66A1E1A07418200053336 /* Resources */,
			);
			buildRules = (
			);
			dependencies = (
			);
			name = Hg_Vrm_JapanTests;
			productName = Hg_Vrm_JapanTests;
			productReference = 18B66A201A07418200053336 /* Hg_Vrm_JapanTests.xctest */;
			productType = "com.apple.product-type.bundle.unit-test";
		};
/* End PBXNativeTarget section */

/* Begin PBXProject section */
		18B669FA1A07418200053336 /* Project object */ = {
			isa = PBXProject;
			attributes = {
				CLASSPREFIX = HG;
				LastUpgradeCheck = 0610;
				ORGANIZATIONNAME = jingjing.jia;
				TargetAttributes = {
					18B66A011A07418200053336 = {
						CreatedOnToolsVersion = 6.1;
					};
					18B66A1F1A07418200053336 = {
						CreatedOnToolsVersion = 6.1;
					};
				};
			};
			buildConfigurationList = 18B669FD1A07418200053336 /* Build configuration list for PBXProject "Hg_Vrm_Japan" */;
			compatibilityVersion = "Xcode 3.2";
			developmentRegion = English;
			hasScannedForEncodings = 0;
			knownRegions = (
				en,
				Base,
			);
			mainGroup = 18B669F91A07418200053336;
			productRefGroup = 18B66A031A07418200053336 /* Products */;
			projectDirPath = "";
			projectRoot = "";
			targets = (
				18B66A011A07418200053336 /* Hg_Vrm_Japan */,
				18B66A1F1A07418200053336 /* Hg_Vrm_JapanTests */,
			);
		};
/* End PBXProject section */

/* Begin PBXResourcesBuildPhase section */
		18B66A001A07418200053336 /* Resources */ = {
			isa = PBXResourcesBuildPhase;
			buildActionMask = 2147483647;
			files = (
				18B66AD31A077D9300053336 /* type10.png in Resources */,
				1852B1381A0863AA00BAF330 /* 75000.png in Resources */,
				1852B13E1A08684200BAF330 /* logo.png in Resources */,
				18B66AD81A077D9300053336 /* type4.png in Resources */,
				1852B1291A0863AA00BAF330 /* 100000.png in Resources */,
				18B66A1B1A07418200053336 /* Images.xcassets in Resources */,
				1852B12F1A0863AA00BAF330 /* 35000.png in Resources */,
				18B66ADC1A077D9300053336 /* type8.png in Resources */,
				18B66AD71A077D9300053336 /* type3.png in Resources */,
				18B66A8D1A076CA900053336 /* HGSettlementViewController.xib in Resources */,
				18B66ADA1A077D9300053336 /* type6.png in Resources */,
				1852B1391A0863AA00BAF330 /* 80000.png in Resources */,
				1852B1331A0863AA00BAF330 /* 50000.png in Resources */,
				1852B1311A0863AA00BAF330 /* 45000.png in Resources */,
				1852B1371A0863AA00BAF330 /* 70000.png in Resources */,
				18C4C05A1A0790600077026E /* HGCarTypeCollectionViewCell.xib in Resources */,
				1852B13C1A0863AA00BAF330 /* 95000.png in Resources */,
				18B66AD61A077D9300053336 /* type2.png in Resources */,
				1852B1321A0863AA00BAF330 /* 5000.png in Resources */,
				18B66A621A074D5200053336 /* loginBgImg.png in Resources */,
				18B66ADB1A077D9300053336 /* type7.png in Resources */,
				18B66A881A07663700053336 /* typeBgImg.png in Resources */,
				18B66A631A074D5200053336 /* loginBtn.png in Resources */,
				1852B1301A0863AA00BAF330 /* 40000.png in Resources */,
				6E6080181A07CA04002112A1 /* HGCustomerListViewController.xib in Resources */,
				1852B1451A08697B00BAF330 /* cailiao3.jpg in Resources */,
				18B66AD21A077D9300053336 /* type1.png in Resources */,
				18B66AD41A077D9300053336 /* type11.png in Resources */,
				18B66A111A07418200053336 /* Hg_Vrm_Japan-Info.plist in Resources */,
				1852B12B1A0863AA00BAF330 /* 15000.png in Resources */,
				1852B1361A0863AA00BAF330 /* 65000.png in Resources */,
				1852B1351A0863AA00BAF330 /* 60000.png in Resources */,
				18B66A911A076F9C00053336 /* brandImg.png in Resources */,
				1852B12E1A0863AA00BAF330 /* 30000.png in Resources */,
				18B66A5F1A074D5200053336 /* unSelected.png in Resources */,
				6E60801D1A07CA1B002112A1 /* HGCustomerDetailViewController.xib in Resources */,
				18B66A5D1A074D5200053336 /* selected.png in Resources */,
				18B66A781A0761CB00053336 /* HGChooseBrandViewController.xib in Resources */,
				18B66A601A074D5200053336 /* checked.png in Resources */,
				1852B1341A0863AA00BAF330 /* 55000.png in Resources */,
				18B66A611A074D5200053336 /* checkLogin.png in Resources */,
				18B66A701A07608A00053336 /* LoginViewController.xib in Resources */,
				1852B13A1A0863AA00BAF330 /* 85000.png in Resources */,
				18B66A861A07655100053336 /* kilometreBgImg.png in Resources */,
				18B66A5E1A074D5200053336 /* thirdPage.png in Resources */,
				18B66A131A07418200053336 /* Hg_Vrm_Japan-Prefix.pch in Resources */,
				18B66ADD1A077D9300053336 /* type9.png in Resources */,
				1852B1461A08697B00BAF330 /* cailiao4.jpg in Resources */,
				18B66AD51A077D9300053336 /* type12.png in Resources */,
				18B66A821A07623500053336 /* HGChooseKilometreViewController.xib in Resources */,
				1852B1281A0863AA00BAF330 /* 10000.png in Resources */,
				18C4C05E1A0790D40077026E /* carUnSele.png in Resources */,
				18B66A951A07798600053336 /* checkLogin@2x.png in Resources */,
				6E6080221A07CA48002112A1 /* HGCustomerInfoViewController.xib in Resources */,
				18B66A7D1A0761E700053336 /* HGChooseTypeViewController.xib in Resources */,
				1852B12A1A0863AA00BAF330 /* 10K+.png in Resources */,
				18B66A8F1A076CE800053336 /* settlementBgImg.png in Resources */,
				1852B13B1A0863AA00BAF330 /* 90000.png in Resources */,
				18C4C0631A0793DD0077026E /* HGKilometreCollectionViewCell.xib in Resources */,
				1852B12C1A0863AA00BAF330 /* 2000.png in Resources */,
				18B66A841A07645C00053336 /* brandBgImg.png in Resources */,
				6EB82E821A07C1CB00E9CFAD /* HGChooseContentViewController.xib in Resources */,
				18B66A981A077AC800053336 /* leftArrow@2x.png in Resources */,
				18C4C05D1A0790D40077026E /* carSeleted.png in Resources */,
				18B66A6A1A075F8000053336 /* HomeViewController.xib in Resources */,
				1852B1431A08697B00BAF330 /* cailiao1.jpg in Resources */,
				1852B12D1A0863AA00BAF330 /* 25000.png in Resources */,
				18B66A991A077AC800053336 /* rightArrow@2x.png in Resources */,
				18B66AD91A077D9300053336 /* type5.png in Resources */,
				1852B1441A08697B00BAF330 /* cailiao2.jpg in Resources */,
			);
			runOnlyForDeploymentPostprocessing = 0;
		};
		18B66A1E1A07418200053336 /* Resources */ = {
			isa = PBXResourcesBuildPhase;
			buildActionMask = 2147483647;
			files = (
				18B66A271A07418200053336 /* Hg_Vrm_JapanTests-Info.plist in Resources */,
			);
			runOnlyForDeploymentPostprocessing = 0;
		};
/* End PBXResourcesBuildPhase section */

/* Begin PBXSourcesBuildPhase section */
		18B669FE1A07418200053336 /* Sources */ = {
			isa = PBXSourcesBuildPhase;
			buildActionMask = 2147483647;
			files = (
				18B66A5B1A074D5200053336 /* StyledPageControl.m in Sources */,
				18B66A561A074D5200053336 /* NSArray+Addition.m in Sources */,
				18B66A581A074D5200053336 /* UIImage+Additions.m in Sources */,
				18B66A5A1A074D5200053336 /* UIView+Extensions.m in Sources */,
				6E60801C1A07CA1B002112A1 /* HGCustomerDetailViewController.m in Sources */,
				18B66A5C1A074D5200053336 /* LoginViewController.m in Sources */,
				18B66A7C1A0761E700053336 /* HGChooseTypeViewController.m in Sources */,
				18C4C0591A0790600077026E /* HGCarTypeCollectionViewCell.m in Sources */,
				18B66A551A074D5200053336 /* HomeViewController.m in Sources */,
				18B66A571A074D5200053336 /* UIColor+CustomColors.m in Sources */,
				18B66A0F1A07418200053336 /* main.m in Sources */,
				18B66A591A074D5200053336 /* UIView+Additions.m in Sources */,
				18B66A371A074BF300053336 /* HGAppDelegate.m in Sources */,
				6E6080171A07CA04002112A1 /* HGCustomerListViewController.m in Sources */,
				18B66A771A0761CB00053336 /* HGChooseBrandViewController.m in Sources */,
				18C4C0621A0793DD0077026E /* HGKilometreCollectionViewCell.m in Sources */,
				6EB82E811A07C1CB00E9CFAD /* HGChooseContentViewController.m in Sources */,
				18B66A661A07571400053336 /* HGDataStore.m in Sources */,
				18B66A811A07623500053336 /* HGChooseKilometreViewController.m in Sources */,
				18B66A8C1A076CA900053336 /* HGSettlementViewController.m in Sources */,
				6E6080211A07CA48002112A1 /* HGCustomerInfoViewController.m in Sources */,
			);
			runOnlyForDeploymentPostprocessing = 0;
		};
		18B66A1C1A07418200053336 /* Sources */ = {
			isa = PBXSourcesBuildPhase;
			buildActionMask = 2147483647;
			files = (
				18B66A291A07418200053336 /* Hg_Vrm_JapanTests.m in Sources */,
			);
			runOnlyForDeploymentPostprocessing = 0;
		};
/* End PBXSourcesBuildPhase section */

/* Begin XCBuildConfiguration section */
		18B66A2A1A07418200053336 /* Debug */ = {
			isa = XCBuildConfiguration;
			buildSettings = {
				ALWAYS_SEARCH_USER_PATHS = NO;
				CLANG_CXX_LANGUAGE_STANDARD = "gnu++0x";
				CLANG_CXX_LIBRARY = "libc++";
				CLANG_ENABLE_MODULES = YES;
				CLANG_ENABLE_OBJC_ARC = YES;
				CLANG_WARN_BOOL_CONVERSION = YES;
				CLANG_WARN_CONSTANT_CONVERSION = YES;
				CLANG_WARN_DIRECT_OBJC_ISA_USAGE = YES_ERROR;
				CLANG_WARN_EMPTY_BODY = YES;
				CLANG_WARN_ENUM_CONVERSION = YES;
				CLANG_WARN_INT_CONVERSION = YES;
				CLANG_WARN_OBJC_ROOT_CLASS = YES_ERROR;
				CLANG_WARN_UNREACHABLE_CODE = YES;
				CLANG_WARN__DUPLICATE_METHOD_MATCH = YES;
				"CODE_SIGN_IDENTITY[sdk=iphoneos*]" = "iPhone Developer";
				COPY_PHASE_STRIP = NO;
				ENABLE_STRICT_OBJC_MSGSEND = YES;
				GCC_C_LANGUAGE_STANDARD = gnu99;
				GCC_DYNAMIC_NO_PIC = NO;
				GCC_OPTIMIZATION_LEVEL = 0;
				GCC_PREPROCESSOR_DEFINITIONS = (
					"DEBUG=1",
					"$(inherited)",
				);
				GCC_SYMBOLS_PRIVATE_EXTERN = NO;
				GCC_WARN_64_TO_32_BIT_CONVERSION = YES;
				GCC_WARN_ABOUT_RETURN_TYPE = YES_ERROR;
				GCC_WARN_UNDECLARED_SELECTOR = YES;
				GCC_WARN_UNINITIALIZED_AUTOS = YES_AGGRESSIVE;
				GCC_WARN_UNUSED_FUNCTION = YES;
				GCC_WARN_UNUSED_VARIABLE = YES;
				IPHONEOS_DEPLOYMENT_TARGET = 8.1;
				MTL_ENABLE_DEBUG_INFO = YES;
				ONLY_ACTIVE_ARCH = YES;
				SDKROOT = iphoneos;
				TARGETED_DEVICE_FAMILY = 2;
			};
			name = Debug;
		};
		18B66A2B1A07418200053336 /* Release */ = {
			isa = XCBuildConfiguration;
			buildSettings = {
				ALWAYS_SEARCH_USER_PATHS = NO;
				CLANG_CXX_LANGUAGE_STANDARD = "gnu++0x";
				CLANG_CXX_LIBRARY = "libc++";
				CLANG_ENABLE_MODULES = YES;
				CLANG_ENABLE_OBJC_ARC = YES;
				CLANG_WARN_BOOL_CONVERSION = YES;
				CLANG_WARN_CONSTANT_CONVERSION = YES;
				CLANG_WARN_DIRECT_OBJC_ISA_USAGE = YES_ERROR;
				CLANG_WARN_EMPTY_BODY = YES;
				CLANG_WARN_ENUM_CONVERSION = YES;
				CLANG_WARN_INT_CONVERSION = YES;
				CLANG_WARN_OBJC_ROOT_CLASS = YES_ERROR;
				CLANG_WARN_UNREACHABLE_CODE = YES;
				CLANG_WARN__DUPLICATE_METHOD_MATCH = YES;
				"CODE_SIGN_IDENTITY[sdk=iphoneos*]" = "iPhone Developer";
				COPY_PHASE_STRIP = YES;
				ENABLE_NS_ASSERTIONS = NO;
				ENABLE_STRICT_OBJC_MSGSEND = YES;
				GCC_C_LANGUAGE_STANDARD = gnu99;
				GCC_WARN_64_TO_32_BIT_CONVERSION = YES;
				GCC_WARN_ABOUT_RETURN_TYPE = YES_ERROR;
				GCC_WARN_UNDECLARED_SELECTOR = YES;
				GCC_WARN_UNINITIALIZED_AUTOS = YES_AGGRESSIVE;
				GCC_WARN_UNUSED_FUNCTION = YES;
				GCC_WARN_UNUSED_VARIABLE = YES;
				IPHONEOS_DEPLOYMENT_TARGET = 8.1;
				MTL_ENABLE_DEBUG_INFO = NO;
				SDKROOT = iphoneos;
				TARGETED_DEVICE_FAMILY = 2;
				VALIDATE_PRODUCT = YES;
			};
			name = Release;
		};
		18B66A2D1A07418200053336 /* Debug */ = {
			isa = XCBuildConfiguration;
			buildSettings = {
				ASSETCATALOG_COMPILER_APPICON_NAME = AppIcon;
				ASSETCATALOG_COMPILER_LAUNCHIMAGE_NAME = LaunchImage;
				INFOPLIST_FILE = Hg_Vrm_Japan/Info.plist;
				IPHONEOS_DEPLOYMENT_TARGET = 7.0;
				PRODUCT_NAME = "$(TARGET_NAME)";
				WRAPPER_EXTENSION = app;
			};
			name = Debug;
		};
		18B66A2E1A07418200053336 /* Release */ = {
			isa = XCBuildConfiguration;
			buildSettings = {
				ASSETCATALOG_COMPILER_APPICON_NAME = AppIcon;
				ASSETCATALOG_COMPILER_LAUNCHIMAGE_NAME = LaunchImage;
				INFOPLIST_FILE = Hg_Vrm_Japan/Info.plist;
				IPHONEOS_DEPLOYMENT_TARGET = 7.0;
				PRODUCT_NAME = "$(TARGET_NAME)";
				WRAPPER_EXTENSION = app;
			};
			name = Release;
		};
		18B66A301A07418200053336 /* Debug */ = {
			isa = XCBuildConfiguration;
			buildSettings = {
				FRAMEWORK_SEARCH_PATHS = (
					"$(DEVELOPER_FRAMEWORKS_DIR)",
					"$(inherited)",
				);
				GCC_PREPROCESSOR_DEFINITIONS = (
					"DEBUG=1",
					"$(inherited)",
				);
				INFOPLIST_FILE = Hg_Vrm_JapanTests/Info.plist;
				PRODUCT_NAME = "$(TARGET_NAME)";
				WRAPPER_EXTENSION = xctest;
			};
			name = Debug;
		};
		18B66A311A07418200053336 /* Release */ = {
			isa = XCBuildConfiguration;
			buildSettings = {
				FRAMEWORK_SEARCH_PATHS = (
					"$(DEVELOPER_FRAMEWORKS_DIR)",
					"$(inherited)",
				);
				INFOPLIST_FILE = Hg_Vrm_JapanTests/Info.plist;
				PRODUCT_NAME = "$(TARGET_NAME)";
				WRAPPER_EXTENSION = xctest;
			};
			name = Release;
		};
/* End XCBuildConfiguration section */

/* Begin XCConfigurationList section */
		18B669FD1A07418200053336 /* Build configuration list for PBXProject "Hg_Vrm_Japan" */ = {
			isa = XCConfigurationList;
			buildConfigurations = (
				18B66A2A1A07418200053336 /* Debug */,
				18B66A2B1A07418200053336 /* Release */,
			);
			defaultConfigurationIsVisible = 0;
			defaultConfigurationName = Release;
		};
		18B66A2C1A07418200053336 /* Build configuration list for PBXNativeTarget "Hg_Vrm_Japan" */ = {
			isa = XCConfigurationList;
			buildConfigurations = (
				18B66A2D1A07418200053336 /* Debug */,
				18B66A2E1A07418200053336 /* Release */,
			);
			defaultConfigurationIsVisible = 0;
			defaultConfigurationName = Release;
		};
		18B66A2F1A07418200053336 /* Build configuration list for PBXNativeTarget "Hg_Vrm_JapanTests" */ = {
			isa = XCConfigurationList;
			buildConfigurations = (
				18B66A301A07418200053336 /* Debug */,
				18B66A311A07418200053336 /* Release */,
			);
			defaultConfigurationIsVisible = 0;
			defaultConfigurationName = Release;
		};
/* End XCConfigurationList section */
	};
	rootObject = 18B669FA1A07418200053336 /* Project object */;
}
